Microsoft Visual Studio Solution File, Format Version 12.00
# Visual Studio Version 17
VisualStudioVersion = 17.5.2.0
MinimumVisualStudioVersion = 10.0.40219.1
Project("{FAE04EC0-301F-11D3-BF4B-00C04F79EFBC}") = "Circul8Service", "Circul8Service.csproj", "{566619EA-DC00-3BA7-7148-35ECBF0DC543}"
EndProject
Global
	GlobalSection(SolutionConfigurationPlatforms) = preSolution
		Debug|Any CPU = Debug|Any CPU
		Release|Any CPU = Release|Any CPU
	EndGlobalSection
	GlobalSection(ProjectConfigurationPlatforms) = postSolution
		{566619EA-DC00-3BA7-7148-35ECBF0DC543}.Debug|Any CPU.ActiveCfg = Debug|Any CPU
		{566619EA-DC00-3BA7-7148-35ECBF0DC543}.Debug|Any CPU.Build.0 = Debug|Any CPU
		{566619EA-DC00-3BA7-7148-35ECBF0DC543}.Release|Any CPU.ActiveCfg = Release|Any CPU
		{566619EA-DC00-3BA7-7148-35ECBF0DC543}.Release|Any CPU.Build.0 = Release|Any CPU
	EndGlobalSection
	GlobalSection(SolutionProperties) = preSolution
		HideSolutionNode = FALSE
	EndGlobalSection
	GlobalSection(ExtensibilityGlobals) = postSolution
		SolutionGuid = {8AC6C97E-708A-4336-B06C-2796702FB9DD}
	EndGlobalSection
EndGlobal
